{
  "name": "copilot-studio-embed-sample",
  "version": "0.1.0",
  "lockfileVersion": 3,
  "requires": true,
  "packages": {
    "": {
      "name": "copilot-studio-embed-sample",
      "version": "0.1.0",
      "dependencies": {
        "@azure/msal-browser": "^3.20.0",
        "@microsoft/agents-copilotstudio-client": "^1.7.1"
      },
      "devDependencies": {
        "typescript": "^5.4.0",
        "vite": "^5.2.0"
      }
    },
    "node_modules/@azure/msal-browser": {
      "version": "3.30.0",
      "resolved": "https://ms-feed-2.pkgs.visualstudio.com/1es-public/_packaging/npm-public/npm/registry/@azure/msal-browser/-/msal-browser-3.30.0.tgz",
      "integrity": "sha1-iHxEF3ENN1UGvgQVVkmaDZL8YuA=",
      "license": "MIT",
      "dependencies": {
        "@azure/msal-common": "14.16.1"
      },
      "engines": {
        "node": ">=0.8.0"
      }
    },
    "node_modules/@azure/msal-common": {
      "version": "14.16.1",
      "resolved": "https://ms-feed-12.pkgs.visualstudio.com/1es-public/_packaging/npm-public/npm/registry/@azure/msal-common/-/msal-common-14.16.1.tgz",
      "integrity": "sha1-0j7M5AgjpNA610Fg3IGdYuDAp4c=",
      "license": "MIT",
      "engines": {
        "node": ">=0.8.0"
      }
    },
    "node_modules/@esbuild/aix-ppc64": {
      "version": "0.21.5",
      "resolved": "https://ms-feed-25.pkgs.visualstudio.com/1es-public/_packaging/npm-public/npm/registry/@esbuild/aix-ppc64/-/aix-ppc64-0.21.5.tgz",
      "integrity": "sha1-xxhKMmUz/N8bjuBzPiHHE7l1V18=",
      "cpu": [
        "ppc64"
      ],
      "dev": true,
      "license": "MIT",
      "optional": true,
      "os": [
        "aix"
      ],
      "engines": {
        "node": ">=12"
      }
    },
    "node_modules/@esbuild/android-arm": {
      "version": "0.21.5",
      "resolved": "https://ms-feed-12.pkgs.visualstudio.com/1es-public/_packaging/npm-public/npm/registry/@esbuild/android-arm/-/android-arm-0.21.5.tgz",
      "integrity": "sha1-mwQ4T7dxkm36bXrQQyTssqubLig=",
      "cpu": [
        "arm"
      ],
      "dev": true,
      "license": "MIT",
      "optional": true,
      "os": [
        "android"
      ],
      "engines": {
        "node": ">=12"
      }
    },
    "node_modules/@esbuild/android-arm64": {
      "version": "0.21.5",
      "resolved": "https://ms-feed-12.pkgs.visualstudio.com/1es-public/_packaging/npm-public/npm/registry/@esbuild/android-arm64/-/android-arm64-0.21.5.tgz",
      "integrity": "sha1-Cdm0NXeA2p6jp9+4M6Hx/0ObQFI=",
      "cpu": [
        "arm64"
      ],
      "dev": true,
      "license": "MIT",
      "optional": true,
      "os": [
        "android"
      ],
      "engines": {
        "node": ">=12"
      }
    },
    "node_modules/@esbuild/android-x64": {
      "version": "0.21.5",
      "resolved": "https://ms-feed-12.pkgs.visualstudio.com/1es-public/_packaging/npm-public/npm/registry/@esbuild/android-x64/-/android-x64-0.21.5.tgz",
      "integrity": "sha1-KZGOwtt1TO3LbBsE3ozWVHr2Rh4=",
      "cpu": [
        "x64"
      ],
      "dev": true,
      "license": "MIT",
      "optional": true,
      "os": [
        "android"
      ],
      "engines": {
        "node": ">=12"
      }
    },
    "node_modules/@esbuild/darwin-arm64": {
      "version": "0.21.5",
      "resolved": "https://ms-feed-25.pkgs.visualstudio.com/1es-public/_packaging/npm-public/npm/registry/@esbuild/darwin-arm64/-/darwin-arm64-0.21.5.tgz",
      "integrity": "sha1-5JW1OWYOUWkPOSivUKdvsKbM/yo=",
      "cpu": [
        "arm64"
      ],
      "dev": true,
      "license": "MIT",
      "optional": true,
      "os": [
        "darwin"
      ],
      "engines": {
        "node": ">=12"
      }
    },
    "node_modules/@esbuild/darwin-x64": {
      "version": "0.21.5",
      "resolved": "https://ms-feed-2.pkgs.visualstudio.com/1es-public/_packaging/npm-public/npm/registry/@esbuild/darwin-x64/-/darwin-x64-0.21.5.tgz",
      "integrity": "sha1-wTg4+lc3KDmr3dyR1xVCzuouHiI=",
      "cpu": [
        "x64"
      ],
      "dev": true,
      "license": "MIT",
      "optional": true,
      "os": [
        "darwin"
      ],
      "engines": {
        "node": ">=12"
      }
    },
    "node_modules/@esbuild/freebsd-arm64": {
      "version": "0.21.5",
      "resolved": "https://ms-feed-12.pkgs.visualstudio.com/1es-public/_packaging/npm-public/npm/registry/@esbuild/freebsd-arm64/-/freebsd-arm64-0.21.5.tgz",
      "integrity": "sha1-ZGuYmqIL+J/Qcd1dv61po1QuVQ4=",
      "cpu": [
        "arm64"
      ],
      "dev": true,
      "license": "MIT",
      "optional": true,
      "os": [
        "freebsd"
      ],
      "engines": {
        "node": ">=12"
      }
    },
    "node_modules/@esbuild/freebsd-x64": {
      "version": "0.21.5",
      "resolved": "https://ms-feed-12.pkgs.visualstudio.com/1es-public/_packaging/npm-public/npm/registry/@esbuild/freebsd-x64/-/freebsd-x64-0.21.5.tgz",
      "integrity": "sha1-qmFc/ICvlU00WJBuOMoiwYz1wmE=",
      "cpu": [
        "x64"
      ],
      "dev": true,
      "license": "MIT",
      "optional": true,
      "os": [
        "freebsd"
      ],
      "engines": {
        "node": ">=12"
      }
    },
    "node_modules/@esbuild/linux-arm": {
      "version": "0.21.5",
      "resolved": "https://ms-feed-25.pkgs.visualstudio.com/1es-public/_packaging/npm-public/npm/registry/@esbuild/linux-arm/-/linux-arm-0.21.5.tgz",
      "integrity": "sha1-/G/RGorKVsH284lPK+oEefj2Jrk=",
      "cpu": [
        "arm"
      ],
      "dev": true,
      "license": "MIT",
      "optional": true,
      "os": [
        "linux"
      ],
      "engines": {
        "node": ">=12"
      }
    },
    "node_modules/@esbuild/linux-arm64": {
      "version": "0.21.5",
      "resolved": "https://ms-feed-25.pkgs.visualstudio.com/1es-public/_packaging/npm-public/npm/registry/@esbuild/linux-arm64/-/linux-arm64-0.21.5.tgz",
      "integrity": "sha1-cKxvoU9ct+H3+Ie8/7aArQmSK1s=",
      "cpu": [
        "arm64"
      ],
      "dev": true,
      "license": "MIT",
      "optional": true,
      "os": [
        "linux"
      ],
      "engines": {
        "node": ">=12"
      }
    },
    "node_modules/@esbuild/linux-ia32": {
      "version": "0.21.5",
      "resolved": "https://ms-feed-25.pkgs.visualstudio.com/1es-public/_packaging/npm-public/npm/registry/@esbuild/linux-ia32/-/linux-ia32-0.21.5.tgz",
      "integrity": "sha1-MnH1Oz+T49CT1RjRZJ1taNNG7eI=",
      "cpu": [
        "ia32"
      ],
      "dev": true,
      "license": "MIT",
      "optional": true,
      "os": [
        "linux"
      ],
      "engines": {
        "node": ">=12"
      }
    },
    "node_modules/@esbuild/linux-loong64": {
      "version": "0.21.5",
      "resolved": "https://ms-feed-25.pkgs.visualstudio.com/1es-public/_packaging/npm-public/npm/registry/@esbuild/linux-loong64/-/linux-loong64-0.21.5.tgz",
      "integrity": "sha1-7WLgQjjFcCauqDHFoTC3PA+fJt8=",
      "cpu": [
        "loong64"
      ],
      "dev": true,
      "license": "MIT",
      "optional": true,
      "os": [
        "linux"
      ],
      "engines": {
        "node": ">=12"
      }
    },
    "node_modules/@esbuild/linux-mips64el": {
      "version": "0.21.5",
      "resolved": "https://ms-feed-2.pkgs.visualstudio.com/1es-public/_packaging/npm-public/npm/registry/@esbuild/linux-mips64el/-/linux-mips64el-0.21.5.tgz",
      "integrity": "sha1-55uOtIvzsQb63sGsgkD7l7TmTL4=",
      "cpu": [
        "mips64el"
      ],
      "dev": true,
      "license": "MIT",
      "optional": true,
      "os": [
        "linux"
      ],
      "engines": {
        "node": ">=12"
      }
    },
    "node_modules/@esbuild/linux-ppc64": {
      "version": "0.21.5",
      "resolved": "https://ms-feed-12.pkgs.visualstudio.com/1es-public/_packaging/npm-public/npm/registry/@esbuild/linux-ppc64/-/linux-ppc64-0.21.5.tgz",
      "integrity": "sha1-XyIDhgoUO5kZ04PvdXNSH7FUw+Q=",
      "cpu": [
        "ppc64"
      ],
      "dev": true,
      "license": "MIT",
      "optional": true,
      "os": [
        "linux"
      ],
      "engines": {
        "node": ">=12"
      }
    },
    "node_modules/@esbuild/linux-riscv64": {
      "version": "0.21.5",
      "resolved": "https://ms-feed-2.pkgs.visualstudio.com/1es-public/_packaging/npm-public/npm/registry/@esbuild/linux-riscv64/-/linux-riscv64-0.21.5.tgz",
      "integrity": "sha1-B7yv2ZMi1a9i9hjLnmqbf0u4Jdw=",
      "cpu": [
        "riscv64"
      ],
      "dev": true,
      "license": "MIT",
      "optional": true,
      "os": [
        "linux"
      ],
      "engines": {
        "node": ">=12"
      }
    },
    "node_modules/@esbuild/linux-s390x": {
      "version": "0.21.5",
      "resolved": "https://ms-feed-25.pkgs.visualstudio.com/1es-public/_packaging/npm-public/npm/registry/@esbuild/linux-s390x/-/linux-s390x-0.21.5.tgz",
      "integrity": "sha1-t8z2hnUdaj5EuGJ6uryL4+9i2N4=",
      "cpu": [
        "s390x"
      ],
      "dev": true,
      "license": "MIT",
      "optional": true,
      "os": [
        "linux"
      ],
      "engines": {
        "node": ">=12"
      }
    },
    "node_modules/@esbuild/linux-x64": {
      "version": "0.21.5",
      "resolved": "https://ms-feed-2.pkgs.visualstudio.com/1es-public/_packaging/npm-public/npm/registry/@esbuild/linux-x64/-/linux-x64-0.21.5.tgz",
      "integrity": "sha1-bY8Mdo4HDmQwmvgAS7lOaKsrs7A=",
      "cpu": [
        "x64"
      ],
      "dev": true,
      "license": "MIT",
      "optional": true,
      "os": [
        "linux"
      ],
      "engines": {
        "node": ">=12"
      }
    },
    "node_modules/@esbuild/netbsd-x64": {
      "version": "0.21.5",
      "resolved": "https://ms-feed-12.pkgs.visualstudio.com/1es-public/_packaging/npm-public/npm/registry/@esbuild/netbsd-x64/-/netbsd-x64-0.21.5.tgz",
      "integrity": "sha1-u+Qw9g03jsuI3sshnGAmZzh6YEc=",
      "cpu": [
        "x64"
      ],
      "dev": true,
      "license": "MIT",
      "optional": true,
      "os": [
        "netbsd"
      ],
      "engines": {
        "node": ">=12"
      }
    },
    "node_modules/@esbuild/openbsd-x64": {
      "version": "0.21.5",
      "resolved": "https://ms-feed-2.pkgs.visualstudio.com/1es-public/_packaging/npm-public/npm/registry/@esbuild/openbsd-x64/-/openbsd-x64-0.21.5.tgz",
      "integrity": "sha1-mdHPKTcnlWDSEEgh9czOIgyyr3A=",
      "cpu": [
        "x64"
      ],
      "dev": true,
      "license": "MIT",
      "optional": true,
      "os": [
        "openbsd"
      ],
      "engines": {
        "node": ">=12"
      }
    },
    "node_modules/@esbuild/sunos-x64": {
      "version": "0.21.5",
      "resolved": "https://ms-feed-12.pkgs.visualstudio.com/1es-public/_packaging/npm-public/npm/registry/@esbuild/sunos-x64/-/sunos-x64-0.21.5.tgz",
      "integrity": "sha1-CHQVEsENUpVmurqDe0/gUsjzSHs=",
      "cpu": [
        "x64"
      ],
      "dev": true,
      "license": "MIT",
      "optional": true,
      "os": [
        "sunos"
      ],
      "engines": {
        "node": ">=12"
      }
    },
    "node_modules/@esbuild/win32-arm64": {
      "version": "0.21.5",
      "resolved": "https://ms-feed-25.pkgs.visualstudio.com/1es-public/_packaging/npm-public/npm/registry/@esbuild/win32-arm64/-/win32-arm64-0.21.5.tgz",
      "integrity": "sha1-Z1tzhTmEESQHNQFhRKsumaYPx10=",
      "cpu": [
        "arm64"
      ],
      "dev": true,
      "license": "MIT",
      "optional": true,
      "os": [
        "win32"
      ],
      "engines": {
        "node": ">=12"
      }
    },
    "node_modules/@esbuild/win32-ia32": {
      "version": "0.21.5",
      "resolved": "https://ms-feed-2.pkgs.visualstudio.com/1es-public/_packaging/npm-public/npm/registry/@esbuild/win32-ia32/-/win32-ia32-0.21.5.tgz",
      "integrity": "sha1-G/w86YqmypoJaeTSr3IUTFnBGTs=",
      "cpu": [
        "ia32"
      ],
      "dev": true,
      "license": "MIT",
      "optional": true,
      "os": [
        "win32"
      ],
      "engines": {
        "node": ">=12"
      }
    },
    "node_modules/@esbuild/win32-x64": {
      "version": "0.21.5",
      "resolved": "https://ms-feed-2.pkgs.visualstudio.com/1es-public/_packaging/npm-public/npm/registry/@esbuild/win32-x64/-/win32-x64-0.21.5.tgz",
      "integrity": "sha1-rK01HVgtFXuxRVNdsqb/U91RS1w=",
      "cpu": [
        "x64"
      ],
      "dev": true,
      "license": "MIT",
      "optional": true,
      "os": [
        "win32"
      ],
      "engines": {
        "node": ">=12"
      }
    },
    "node_modules/@microsoft/agents-activity": {
      "version": "1.7.1",
      "resolved": "https://ms-feed-25.pkgs.visualstudio.com/1es-public/_packaging/npm-public/npm/registry/@microsoft/agents-activity/-/agents-activity-1.7.1.tgz",
      "integrity": "sha1-1JbjlTzzjZCR99I/ZCQgu9EYh1c=",
      "license": "MIT",
      "dependencies": {
        "zod": "3.25.75"
      },
      "engines": {
        "node": ">=20.0.0"
      }
    },
    "node_modules/@microsoft/agents-copilotstudio-client": {
      "version": "1.7.1",
      "resolved": "https://ms-feed-12.pkgs.visualstudio.com/1es-public/_packaging/npm-public/npm/registry/@microsoft/agents-copilotstudio-client/-/agents-copilotstudio-client-1.7.1.tgz",
      "integrity": "sha1-unAPejRnXLnkPbW0505yHv868HE=",
      "license": "MIT",
      "dependencies": {
        "@microsoft/agents-activity": "1.7.1",
        "@microsoft/agents-telemetry": "1.7.1",
        "eventsource-client": "1.2.0",
        "rxjs": "7.8.2"
      },
      "engines": {
        "node": ">=20.0.0"
      }
    },
    "node_modules/@microsoft/agents-telemetry": {
      "version": "1.7.1",
      "resolved": "https://ms-feed-2.pkgs.visualstudio.com/1es-public/_packaging/npm-public/npm/registry/@microsoft/agents-telemetry/-/agents-telemetry-1.7.1.tgz",
      "integrity": "sha1-N37MyEdthphZaLNbDQglim5oLF4=",
      "license": "MIT",
      "dependencies": {
        "@microsoft/agents-activity": "1.7.1",
        "debug": "^4.4.3"
      },
      "engines": {
        "node": ">=20.0.0"
      },
      "peerDependencies": {
        "@opentelemetry/api": "1",
        "@opentelemetry/api-logs": ">=0.214.0 <1"
      },
      "peerDependenciesMeta": {
        "@opentelemetry/api": {
          "optional": true
        },
        "@opentelemetry/api-logs": {
          "optional": true
        }
      }
    },
    "node_modules/@rollup/rollup-android-arm-eabi": {
      "version": "4.62.2",
      "resolved": "https://ms-feed-2.pkgs.visualstudio.com/1es-public/_packaging/npm-public/npm/registry/@rollup/rollup-android-arm-eabi/-/rollup-android-arm-eabi-4.62.2.tgz",
      "integrity": "sha1-XphJtmHCIpz5Z6CNvi276ejJkeU=",
      "cpu": [
        "arm"
      ],
      "dev": true,
      "license": "MIT",
      "optional": true,
      "os": [
        "android"
      ]
    },
    "node_modules/@rollup/rollup-android-arm64": {
      "version": "4.62.2",
      "resolved": "https://ms-feed-2.pkgs.visualstudio.com/1es-public/_packaging/npm-public/npm/registry/@rollup/rollup-android-arm64/-/rollup-android-arm64-4.62.2.tgz",
      "integrity": "sha1-WwaZ7l3UhLIiye10r/Q8keqLF/g=",
      "cpu": [
        "arm64"
      ],
      "dev": true,
      "license": "MIT",
      "optional": true,
      "os": [
        "android"
      ]
    },
    "node_modules/@rollup/rollup-darwin-arm64": {
      "version": "4.62.2",
      "resolved": "https://ms-feed-12.pkgs.visualstudio.com/1es-public/_packaging/npm-public/npm/registry/@rollup/rollup-darwin-arm64/-/rollup-darwin-arm64-4.62.2.tgz",
      "integrity": "sha1-i8UsnXo86NBTPDUanJNd54HaoG8=",
      "cpu": [
        "arm64"
      ],
      "dev": true,
      "license": "MIT",
      "optional": true,
      "os": [
        "darwin"
      ]
    },
    "node_modules/@rollup/rollup-darwin-x64": {
      "version": "4.62.2",
      "resolved": "https://ms-feed-25.pkgs.visualstudio.com/1es-public/_packaging/npm-public/npm/registry/@rollup/rollup-darwin-x64/-/rollup-darwin-x64-4.62.2.tgz",
      "integrity": "sha1-ui7z6PsxDwrzVYjycM+lqpbkh2Q=",
      "cpu": [
        "x64"
      ],
      "dev": true,
      "license": "MIT",
      "optional": true,
      "os": [
        "darwin"
      ]
    },
    "node_modules/@rollup/rollup-freebsd-arm64": {
      "version": "4.62.2",
      "resolved": "https://ms-feed-12.pkgs.visualstudio.com/1es-public/_packaging/npm-public/npm/registry/@rollup/rollup-freebsd-arm64/-/rollup-freebsd-arm64-4.62.2.tgz",
      "integrity": "sha1-k7EL2/6K2iJri8DALva39URHTZY=",
      "cpu": [
        "arm64"
      ],
      "dev": true,
      "license": "MIT",
      "optional": true,
      "os": [
        "freebsd"
      ]
    },
    "node_modules/@rollup/rollup-freebsd-x64": {
      "version": "4.62.2",
      "resolved": "https://ms-feed-25.pkgs.visualstudio.com/1es-public/_packaging/npm-public/npm/registry/@rollup/rollup-freebsd-x64/-/rollup-freebsd-x64-4.62.2.tgz",
      "integrity": "sha1-PoqjjvPJwwCUaHHj/bsMMOCiD4Y=",
      "cpu": [
        "x64"
      ],
      "dev": true,
      "license": "MIT",
      "optional": true,
      "os": [
        "freebsd"
      ]
    },
    "node_modules/@rollup/rollup-linux-arm-gnueabihf": {
      "version": "4.62.2",
      "resolved": "https://ms-feed-2.pkgs.visualstudio.com/1es-public/_packaging/npm-public/npm/registry/@rollup/rollup-linux-arm-gnueabihf/-/rollup-linux-arm-gnueabihf-4.62.2.tgz",
      "integrity": "sha1-HXmUOEuwrRvEGSG1BuFkLU+df8M=",
      "cpu": [
        "arm"
      ],
      "dev": true,
      "license": "MIT",
      "optional": true,
      "os": [
        "linux"
      ]
    },
    "node_modules/@rollup/rollup-linux-arm-musleabihf": {
      "version": "4.62.2",
      "resolved": "https://ms-feed-12.pkgs.visualstudio.com/1es-public/_packaging/npm-public/npm/registry/@rollup/rollup-linux-arm-musleabihf/-/rollup-linux-arm-musleabihf-4.62.2.tgz",
      "integrity": "sha1-plQPR8+ESla4DKn/ldKs37LO+Xs=",
      "cpu": [
        "arm"
      ],
      "dev": true,
      "license": "MIT",
      "optional": true,
      "os": [
        "linux"
      ]
    },
    "node_modules/@rollup/rollup-linux-arm64-gnu": {
      "version": "4.62.2",
      "resolved": "https://ms-feed-12.pkgs.visualstudio.com/1es-public/_packaging/npm-public/npm/registry/@rollup/rollup-linux-arm64-gnu/-/rollup-linux-arm64-gnu-4.62.2.tgz",
      "integrity": "sha1-QE8gRWUYQMv0jakbptD0kPC8LL8=",
      "cpu": [
        "arm64"
      ],
      "dev": true,
      "license": "MIT",
      "optional": true,
      "os": [
        "linux"
      ]
    },
    "node_modules/@rollup/rollup-linux-arm64-musl": {
      "version": "4.62.2",
      "resolved": "https://ms-feed-2.pkgs.visualstudio.com/1es-public/_packaging/npm-public/npm/registry/@rollup/rollup-linux-arm64-musl/-/rollup-linux-arm64-musl-4.62.2.tgz",
      "integrity": "sha1-o0BP/d97R0tIyZuciTtiR7t2W6U=",
      "cpu": [
        "arm64"
      ],
      "dev": true,
      "license": "MIT",
      "optional": true,
      "os": [
        "linux"
      ]
    },
    "node_modules/@rollup/rollup-linux-loong64-gnu": {
      "version": "4.62.2",
      "resolved": "https://ms-feed-25.pkgs.visualstudio.com/1es-public/_packaging/npm-public/npm/registry/@rollup/rollup-linux-loong64-gnu/-/rollup-linux-loong64-gnu-4.62.2.tgz",
      "integrity": "sha1-6KrG1Umzd5ReNJiC8Zm3yOt1yjg=",
      "cpu": [
        "loong64"
      ],
      "dev": true,
      "license": "MIT",
      "optional": true,
      "os": [
        "linux"
      ]
    },
    "node_modules/@rollup/rollup-linux-loong64-musl": {
      "version": "4.62.2",
      "resolved": "https://ms-feed-12.pkgs.visualstudio.com/1es-public/_packaging/npm-public/npm/registry/@rollup/rollup-linux-loong64-musl/-/rollup-linux-loong64-musl-4.62.2.tgz",
      "integrity": "sha1-bi5E6lAxCzpYIHipFeX+uHnIINQ=",
      "cpu": [
        "loong64"
      ],
      "dev": true,
      "license": "MIT",
      "optional": true,
      "os": [
        "linux"
      ]
    },
    "node_modules/@rollup/rollup-linux-ppc64-gnu": {
      "version": "4.62.2",
      "resolved": "https://ms-feed-25.pkgs.visualstudio.com/1es-public/_packaging/npm-public/npm/registry/@rollup/rollup-linux-ppc64-gnu/-/rollup-linux-ppc64-gnu-4.62.2.tgz",
      "integrity": "sha1-aJgwLabXegU3zeZLK0xrYGWb0RA=",
      "cpu": [
        "ppc64"
      ],
      "dev": true,
      "license": "MIT",
      "optional": true,
      "os": [
        "linux"
      ]
    },
    "node_modules/@rollup/rollup-linux-ppc64-musl": {
      "version": "4.62.2",
      "resolved": "https://ms-feed-25.pkgs.visualstudio.com/1es-public/_packaging/npm-public/npm/registry/@rollup/rollup-linux-ppc64-musl/-/rollup-linux-ppc64-musl-4.62.2.tgz",
      "integrity": "sha1-MzcXyV3Vpmvvj2Pn74qf2EX9GNA=",
      "cpu": [
        "ppc64"
      ],
      "dev": true,
      "license": "MIT",
      "optional": true,
      "os": [
        "linux"
      ]
    },
    "node_modules/@rollup/rollup-linux-riscv64-gnu": {
      "version": "4.62.2",
      "resolved": "https://ms-feed-2.pkgs.visualstudio.com/1es-public/_packaging/npm-public/npm/registry/@rollup/rollup-linux-riscv64-gnu/-/rollup-linux-riscv64-gnu-4.62.2.tgz",
      "integrity": "sha1-gbwGujgDUgBNAfSCbrfNzO+gW60=",
      "cpu": [
        "riscv64"
      ],
      "dev": true,
      "license": "MIT",
      "optional": true,
      "os": [
        "linux"
      ]
    },
    "node_modules/@rollup/rollup-linux-riscv64-musl": {
      "version": "4.62.2",
      "resolved": "https://ms-feed-25.pkgs.visualstudio.com/1es-public/_packaging/npm-public/npm/registry/@rollup/rollup-linux-riscv64-musl/-/rollup-linux-riscv64-musl-4.62.2.tgz",
      "integrity": "sha1-lafNOd4hOJrWeIpShOqqc44pykw=",
      "cpu": [
        "riscv64"
      ],
      "dev": true,
      "license": "MIT",
      "optional": true,
      "os": [
        "linux"
      ]
    },
    "node_modules/@rollup/rollup-linux-s390x-gnu": {
      "version": "4.62.2",
      "resolved": "https://ms-feed-2.pkgs.visualstudio.com/1es-public/_packaging/npm-public/npm/registry/@rollup/rollup-linux-s390x-gnu/-/rollup-linux-s390x-gnu-4.62.2.tgz",
      "integrity": "sha1-BubbLsG8SLU3THkj74PC6wJLJFI=",
      "cpu": [
        "s390x"
      ],
      "dev": true,
      "license": "MIT",
      "optional": true,
      "os": [
        "linux"
      ]
    },
    "node_modules/@rollup/rollup-linux-x64-gnu": {
      "version": "4.62.2",
      "resolved": "https://ms-feed-2.pkgs.visualstudio.com/1es-public/_packaging/npm-public/npm/registry/@rollup/rollup-linux-x64-gnu/-/rollup-linux-x64-gnu-4.62.2.tgz",
      "integrity": "sha1-XcgYmIKF4J6IeQxkYt73JBPfLaM=",
      "cpu": [
        "x64"
      ],
      "dev": true,
      "license": "MIT",
      "optional": true,
      "os": [
        "linux"
      ]
    },
    "node_modules/@rollup/rollup-linux-x64-musl": {
      "version": "4.62.2",
      "resolved": "https://ms-feed-25.pkgs.visualstudio.com/1es-public/_packaging/npm-public/npm/registry/@rollup/rollup-linux-x64-musl/-/rollup-linux-x64-musl-4.62.2.tgz",
      "integrity": "sha1-IID0qTNJ6a/TS+b8GjfgH8i/yA8=",
      "cpu": [
        "x64"
      ],
      "dev": true,
      "license": "MIT",
      "optional": true,
      "os": [
        "linux"
      ]
    },
    "node_modules/@rollup/rollup-openbsd-x64": {
      "version": "4.62.2",
      "resolved": "https://ms-feed-12.pkgs.visualstudio.com/1es-public/_packaging/npm-public/npm/registry/@rollup/rollup-openbsd-x64/-/rollup-openbsd-x64-4.62.2.tgz",
      "integrity": "sha1-IdZKistmIhckuSPlGvUzPfGvBEs=",
      "cpu": [
        "x64"
      ],
      "dev": true,
      "license": "MIT",
      "optional": true,
      "os": [
        "openbsd"
      ]
    },
    "node_modules/@rollup/rollup-openharmony-arm64": {
      "version": "4.62.2",
      "resolved": "https://ms-feed-2.pkgs.visualstudio.com/1es-public/_packaging/npm-public/npm/registry/@rollup/rollup-openharmony-arm64/-/rollup-openharmony-arm64-4.62.2.tgz",
      "integrity": "sha1-jg/NnQIUHjN7TFtc/1dsuadrG6A=",
      "cpu": [
        "arm64"
      ],
      "dev": true,
      "license": "MIT",
      "optional": true,
      "os": [
        "openharmony"
      ]
    },
    "node_modules/@rollup/rollup-win32-arm64-msvc": {
      "version": "4.62.2",
      "resolved": "https://ms-feed-2.pkgs.visualstudio.com/1es-public/_packaging/npm-public/npm/registry/@rollup/rollup-win32-arm64-msvc/-/rollup-win32-arm64-msvc-4.62.2.tgz",
      "integrity": "sha1-vbTMTv1Y7+gIIDNH8PVGPw6hblI=",
      "cpu": [
        "arm64"
      ],
      "dev": true,
      "license": "MIT",
      "optional": true,
      "os": [
        "win32"
      ]
    },
    "node_modules/@rollup/rollup-win32-ia32-msvc": {
      "version": "4.62.2",
      "resolved": "https://ms-feed-2.pkgs.visualstudio.com/1es-public/_packaging/npm-public/npm/registry/@rollup/rollup-win32-ia32-msvc/-/rollup-win32-ia32-msvc-4.62.2.tgz",
      "integrity": "sha1-26695a/STq4O7+kV2QFjLny1mGA=",
      "cpu": [
        "ia32"
      ],
      "dev": true,
      "license": "MIT",
      "optional": true,
      "os": [
        "win32"
      ]
    },
    "node_modules/@rollup/rollup-win32-x64-gnu": {
      "version": "4.62.2",
      "resolved": "https://ms-feed-12.pkgs.visualstudio.com/1es-public/_packaging/npm-public/npm/registry/@rollup/rollup-win32-x64-gnu/-/rollup-win32-x64-gnu-4.62.2.tgz",
      "integrity": "sha1-hBCehf6l+PE1NJn5ZXj9wqDosTg=",
      "cpu": [
        "x64"
      ],
      "dev": true,
      "license": "MIT",
      "optional": true,
      "os": [
        "win32"
      ]
    },
    "node_modules/@rollup/rollup-win32-x64-msvc": {
      "version": "4.62.2",
      "resolved": "https://ms-feed-2.pkgs.visualstudio.com/1es-public/_packaging/npm-public/npm/registry/@rollup/rollup-win32-x64-msvc/-/rollup-win32-x64-msvc-4.62.2.tgz",
      "integrity": "sha1-NnHOP5uSjVwB+Hl5LVwLYK4U1K0=",
      "cpu": [
        "x64"
      ],
      "dev": true,
      "license": "MIT",
      "optional": true,
      "os": [
        "win32"
      ]
    },
    "node_modules/@types/estree": {
      "version": "1.0.9",
      "resolved": "https://ms-feed-12.pkgs.visualstudio.com/1es-public/_packaging/npm-public/npm/registry/@types/estree/-/estree-1.0.9.tgz",
      "integrity": "sha1-zz8Oh2177hWpOrkluCv1cKOQSiQ=",
      "dev": true,
      "license": "MIT"
    },
    "node_modules/debug": {
      "version": "4.4.3",
      "resolved": "https://ms-feed-2.pkgs.visualstudio.com/1es-public/_packaging/npm-public/npm/registry/debug/-/debug-4.4.3.tgz",
      "integrity": "sha1-xq5DLZvZZiWC/OCHCbA4xY6ePWo=",
      "license": "MIT",
      "dependencies": {
        "ms": "^2.1.3"
      },
      "engines": {
        "node": ">=6.0"
      },
      "peerDependenciesMeta": {
        "supports-color": {
          "optional": true
        }
      }
    },
    "node_modules/esbuild": {
      "version": "0.21.5",
      "resolved": "https://ms-feed-12.pkgs.visualstudio.com/1es-public/_packaging/npm-public/npm/registry/esbuild/-/esbuild-0.21.5.tgz",
      "integrity": "sha1-nKMBsSCSKVm3ZjYNisgw2g0CmX0=",
      "dev": true,
      "hasInstallScript": true,
      "license": "MIT",
      "bin": {
        "esbuild": "bin/esbuild"
      },
      "engines": {
        "node": ">=12"
      },
      "optionalDependencies": {
        "@esbuild/aix-ppc64": "0.21.5",
        "@esbuild/android-arm": "0.21.5",
        "@esbuild/android-arm64": "0.21.5",
        "@esbuild/android-x64": "0.21.5",
        "@esbuild/darwin-arm64": "0.21.5",
        "@esbuild/darwin-x64": "0.21.5",
        "@esbuild/freebsd-arm64": "0.21.5",
        "@esbuild/freebsd-x64": "0.21.5",
        "@esbuild/linux-arm": "0.21.5",
        "@esbuild/linux-arm64": "0.21.5",
        "@esbuild/linux-ia32": "0.21.5",
        "@esbuild/linux-loong64": "0.21.5",
        "@esbuild/linux-mips64el": "0.21.5",
        "@esbuild/linux-ppc64": "0.21.5",
        "@esbuild/linux-riscv64": "0.21.5",
        "@esbuild/linux-s390x": "0.21.5",
        "@esbuild/linux-x64": "0.21.5",
        "@esbuild/netbsd-x64": "0.21.5",
        "@esbuild/openbsd-x64": "0.21.5",
        "@esbuild/sunos-x64": "0.21.5",
        "@esbuild/win32-arm64": "0.21.5",
        "@esbuild/win32-ia32": "0.21.5",
        "@esbuild/win32-x64": "0.21.5"
      }
    },
    "node_modules/eventsource-client": {
      "version": "1.2.0",
      "resolved": "https://ms-feed-12.pkgs.visualstudio.com/1es-public/_packaging/npm-public/npm/registry/eventsource-client/-/eventsource-client-1.2.0.tgz",
      "integrity": "sha1-LApUfMe0LJcOnQ9yytEs7qpkaCs=",
      "license": "MIT",
      "dependencies": {
        "eventsource-parser": "^3.0.0"
      },
      "engines": {
        "node": ">=18.0.0"
      }
    },
    "node_modules/eventsource-parser": {
      "version": "3.1.0",
      "resolved": "https://ms-feed-12.pkgs.visualstudio.com/1es-public/_packaging/npm-public/npm/registry/eventsource-parser/-/eventsource-parser-3.1.0.tgz",
      "integrity": "sha1-ThmOuRzTM9Co3cwDZQKzYYol9Ek=",
      "license": "MIT",
      "engines": {
        "node": ">=18.0.0"
      }
    },
    "node_modules/fsevents": {
      "version": "2.3.3",
      "resolved": "https://ms-feed-12.pkgs.visualstudio.com/1es-public/_packaging/npm-public/npm/registry/fsevents/-/fsevents-2.3.3.tgz",
      "integrity": "sha1-ysZAd4XQNnWipeGlMFxpezR9kNY=",
      "dev": true,
      "license": "MIT",
      "optional": true,
      "os": [
        "darwin"
      ],
      "engines": {
        "node": "^8.16.0 || ^10.6.0 || >=11.0.0"
      }
    },
    "node_modules/ms": {
      "version": "2.1.3",
      "resolved": "https://ms-feed-2.pkgs.visualstudio.com/1es-public/_packaging/npm-public/npm/registry/ms/-/ms-2.1.3.tgz",
      "integrity": "sha1-V0yBOM4dK1hh8LRFedut1gxmFbI=",
      "license": "MIT"
    },
    "node_modules/nanoid": {
      "version": "3.3.16",
      "resolved": "https://ms-feed-25.pkgs.visualstudio.com/1es-public/_packaging/npm-public/npm/registry/nanoid/-/nanoid-3.3.16.tgz",
      "integrity": "sha1-oE2OxLHxAAnS1TOUeu/kKTc3gWw=",
      "dev": true,
      "funding": [
        {
          "type": "github",
          "url": "https://github.com/sponsors/ai"
        }
      ],
      "license": "MIT",
      "bin": {
        "nanoid": "bin/nanoid.cjs"
      },
      "engines": {
        "node": "^10 || ^12 || ^13.7 || ^14 || >=15.0.1"
      }
    },
    "node_modules/picocolors": {
      "version": "1.1.1",
      "resolved": "https://ms-feed-12.pkgs.visualstudio.com/1es-public/_packaging/npm-public/npm/registry/picocolors/-/picocolors-1.1.1.tgz",
      "integrity": "sha1-PTIa8+q5ObCDyPkpodEs2oHCa2s=",
      "dev": true,
      "license": "ISC"
    },
    "node_modules/postcss": {
      "version": "8.5.22",
      "resolved": "https://ms-feed-25.pkgs.visualstudio.com/1es-public/_packaging/npm-public/npm/registry/postcss/-/postcss-8.5.22.tgz",
      "integrity": "sha1-CGoNVoWnFaz1lQ67yxU4+vMFFpc=",
      "dev": true,
      "funding": [
        {
          "type": "opencollective",
          "url": "https://opencollective.com/postcss/"
        },
        {
          "type": "tidelift",
          "url": "https://tidelift.com/funding/github/npm/postcss"
        },
        {
          "type": "github",
          "url": "https://github.com/sponsors/ai"
        }
      ],
      "license": "MIT",
      "dependencies": {
        "nanoid": "^3.3.16",
        "picocolors": "^1.1.1",
        "source-map-js": "^1.2.1"
      },
      "engines": {
        "node": "^10 || ^12 || >=14"
      }
    },
    "node_modules/rollup": {
      "version": "4.62.2",
      "resolved": "https://ms-feed-12.pkgs.visualstudio.com/1es-public/_packaging/npm-public/npm/registry/rollup/-/rollup-4.62.2.tgz",
      "integrity": "sha1-2Q/Ey4EfBxMDyJC3eVlWNPNflUE=",
      "dev": true,
      "license": "MIT",
      "dependencies": {
        "@types/estree": "1.0.9"
      },
      "bin": {
        "rollup": "dist/bin/rollup"
      },
      "engines": {
        "node": ">=18.0.0",
        "npm": ">=8.0.0"
      },
      "optionalDependencies": {
        "@rollup/rollup-android-arm-eabi": "4.62.2",
        "@rollup/rollup-android-arm64": "4.62.2",
        "@rollup/rollup-darwin-arm64": "4.62.2",
        "@rollup/rollup-darwin-x64": "4.62.2",
        "@rollup/rollup-freebsd-arm64": "4.62.2",
        "@rollup/rollup-freebsd-x64": "4.62.2",
        "@rollup/rollup-linux-arm-gnueabihf": "4.62.2",
        "@rollup/rollup-linux-arm-musleabihf": "4.62.2",
        "@rollup/rollup-linux-arm64-gnu": "4.62.2",
        "@rollup/rollup-linux-arm64-musl": "4.62.2",
        "@rollup/rollup-linux-loong64-gnu": "4.62.2",
        "@rollup/rollup-linux-loong64-musl": "4.62.2",
        "@rollup/rollup-linux-ppc64-gnu": "4.62.2",
        "@rollup/rollup-linux-ppc64-musl": "4.62.2",
        "@rollup/rollup-linux-riscv64-gnu": "4.62.2",
        "@rollup/rollup-linux-riscv64-musl": "4.62.2",
        "@rollup/rollup-linux-s390x-gnu": "4.62.2",
        "@rollup/rollup-linux-x64-gnu": "4.62.2",
        "@rollup/rollup-linux-x64-musl": "4.62.2",
        "@rollup/rollup-openbsd-x64": "4.62.2",
        "@rollup/rollup-openharmony-arm64": "4.62.2",
        "@rollup/rollup-win32-arm64-msvc": "4.62.2",
        "@rollup/rollup-win32-ia32-msvc": "4.62.2",
        "@rollup/rollup-win32-x64-gnu": "4.62.2",
        "@rollup/rollup-win32-x64-msvc": "4.62.2",
        "fsevents": "~2.3.2"
      }
    },
    "node_modules/rxjs": {
      "version": "7.8.2",
      "resolved": "https://ms-feed-25.pkgs.visualstudio.com/1es-public/_packaging/npm-public/npm/registry/rxjs/-/rxjs-7.8.2.tgz",
      "integrity": "sha1-lVvEc+2K8RoAKivlIHG/R1Y4YHs=",
      "license": "Apache-2.0",
      "dependencies": {
        "tslib": "^2.1.0"
      }
    },
    "node_modules/source-map-js": {
      "version": "1.2.1",
      "resolved": "https://ms-feed-2.pkgs.visualstudio.com/1es-public/_packaging/npm-public/npm/registry/source-map-js/-/source-map-js-1.2.1.tgz",
      "integrity": "sha1-HOVlD93YerwJnto33P8CTCZnrkY=",
      "dev": true,
      "license": "BSD-3-Clause",
      "engines": {
        "node": ">=0.10.0"
      }
    },
    "node_modules/tslib": {
      "version": "2.8.1",
      "resolved": "https://ms-feed-12.pkgs.visualstudio.com/1es-public/_packaging/npm-public/npm/registry/tslib/-/tslib-2.8.1.tgz",
      "integrity": "sha1-YS7+TtI11Wfoq6Xypfq3AoCt6D8=",
      "license": "0BSD"
    },
    "node_modules/typescript": {
      "version": "5.9.3",
      "resolved": "https://ms-feed-12.pkgs.visualstudio.com/1es-public/_packaging/npm-public/npm/registry/typescript/-/typescript-5.9.3.tgz",
      "integrity": "sha1-W09Z4VMQqxeiFvXWz1PuR27eZw8=",
      "dev": true,
      "license": "Apache-2.0",
      "bin": {
        "tsc": "bin/tsc",
        "tsserver": "bin/tsserver"
      },
      "engines": {
        "node": ">=14.17"
      }
    },
    "node_modules/vite": {
      "version": "5.4.21",
      "resolved": "https://ms-feed-2.pkgs.visualstudio.com/1es-public/_packaging/npm-public/npm/registry/vite/-/vite-5.4.21.tgz",
      "integrity": "sha1-hKT3xdhgsHFnbTm6UTwNWY/ccCc=",
      "dev": true,
      "license": "MIT",
      "dependencies": {
        "esbuild": "^0.21.3",
        "postcss": "^8.4.43",
        "rollup": "^4.20.0"
      },
      "bin": {
        "vite": "bin/vite.js"
      },
      "engines": {
        "node": "^18.0.0 || >=20.0.0"
      },
      "funding": {
        "url": "https://github.com/vitejs/vite?sponsor=1"
      },
      "optionalDependencies": {
        "fsevents": "~2.3.3"
      },
      "peerDependencies": {
        "@types/node": "^18.0.0 || >=20.0.0",
        "less": "*",
        "lightningcss": "^1.21.0",
        "sass": "*",
        "sass-embedded": "*",
        "stylus": "*",
        "sugarss": "*",
        "terser": "^5.4.0"
      },
      "peerDependenciesMeta": {
        "@types/node": {
          "optional": true
        },
        "less": {
          "optional": true
        },
        "lightningcss": {
          "optional": true
        },
        "sass": {
          "optional": true
        },
        "sass-embedded": {
          "optional": true
        },
        "stylus": {
          "optional": true
        },
        "sugarss": {
          "optional": true
        },
        "terser": {
          "optional": true
        }
      }
    },
    "node_modules/zod": {
      "version": "3.25.75",
      "resolved": "https://ms-feed-25.pkgs.visualstudio.com/1es-public/_packaging/npm-public/npm/registry/zod/-/zod-3.25.75.tgz",
      "integrity": "sha1-j/m+L7vLOBqSNvn3Soh5yincxQQ=",
      "license": "MIT",
      "funding": {
        "url": "https://github.com/sponsors/colinhacks"
      }
    }
  }
}
